
Microsoft Visual Studio Solution File, Format Version 12.00
# Visual Studio Version 16
VisualStudioVersion = 16.0.32228.343
MinimumVisualStudioVersion = 10.0.40219.1
Project("{888888A0-9F3D-457C-B088-3A5042F75D52}") = "Exercicio1", "Exercicio1.pyproj", "{C994EEAE-AB2A-463D-92A1-DB540BB9AF0B}"
EndProject
Global
	GlobalSection(SolutionConfigurationPlatforms) = preSolution
		Debug|Any CPU = Debug|Any CPU
		Release|Any CPU = Release|Any CPU
	EndGlobalSection
	GlobalSection(ProjectConfigurationPlatforms) = postSolution
		{C994EEAE-AB2A-463D-92A1-DB540BB9AF0B}.Debug|Any CPU.ActiveCfg = Debug|Any CPU
		{C994EEAE-AB2A-463D-92A1-DB540BB9AF0B}.Release|Any CPU.ActiveCfg = Release|Any CPU
	EndGlobalSection
	GlobalSection(SolutionProperties) = preSolution
		HideSolutionNode = FALSE
	EndGlobalSection
	GlobalSection(ExtensibilityGlobals) = postSolution
		SolutionGuid = {BC644B4C-99E6-4D76-AC59-9B1F87B3488C}
	EndGlobalSection
EndGlobal
